
Microsoft Visual Studio Solution File, Format Version 12.00
# Visual Studio Version 16
VisualStudioVersion = 16.0.31624.102
MinimumVisualStudioVersion = 10.0.40219.1
Project("{FAE04EC0-301F-11D3-BF4B-00C04F79EFBC}") = "SimpleATMProject", "SimpleATMProject.csproj", "{D2970EF6-C213-40F4-A9EF-5DDBE101041C}"
EndProject
Global
	GlobalSection(SolutionConfigurationPlatforms) = preSolution
		Debug|Any CPU = Debug|Any CPU
		Release|Any CPU = Release|Any CPU
	EndGlobalSection
	GlobalSection(ProjectConfigurationPlatforms) = postSolution
		{D2970EF6-C213-40F4-A9EF-5DDBE101041C}.Debug|Any CPU.ActiveCfg = Debug|Any CPU
		{D2970EF6-C213-40F4-A9EF-5DDBE101041C}.Debug|Any CPU.Build.0 = Debug|Any CPU
		{D2970EF6-C213-40F4-A9EF-5DDBE101041C}.Release|Any CPU.ActiveCfg = Release|Any CPU
		{D2970EF6-C213-40F4-A9EF-5DDBE101041C}.Release|Any CPU.Build.0 = Release|Any CPU
	EndGlobalSection
	GlobalSection(SolutionProperties) = preSolution
		HideSolutionNode = FALSE
	EndGlobalSection
	GlobalSection(ExtensibilityGlobals) = postSolution
		SolutionGuid = {01023A8B-4FAB-4E2E-A6F3-BB1F7868CB48}
	EndGlobalSection
EndGlobal
